
Microsoft Visual Studio Solution File, Format Version 12.00
# Visual Studio 14
VisualStudioVersion = 14.0.25420.1
MinimumVisualStudioVersion = 10.0.40219.1
Project("{2150E333-8FDC-42A3-9474-1A3956D46DE8}") = "src", "src", "{1DDF9930-3B20-4C83-B645-E7611F6C9B5B}"
EndProject
Project("{2150E333-8FDC-42A3-9474-1A3956D46DE8}") = "Solution Items", "Solution Items", "{8EA3292B-57DA-4543-90EB-5EFB9222CC4A}"
	ProjectSection(SolutionItems) = preProject
		.gitignore = .gitignore
		global.json = global.json
		LICENSE = LICENSE
		README.md = README.md
	EndProjectSection
EndProject
Project("{8BB2217D-0F2D-49D1-97BC-3654ED321F3B}") = "UniversalDbUpdater", "src\UniversalDbUpdater\UniversalDbUpdater.xproj", "{B6C76D97-9E90-4DCB-8444-E94630322FF8}"
EndProject
Project("{2150E333-8FDC-42A3-9474-1A3956D46DE8}") = "test", "test", "{641E0DFF-B8E9-451A-A55B-33439C55790C}"
EndProject
Project("{8BB2217D-0F2D-49D1-97BC-3654ED321F3B}") = "UniversalDbUpdater.Test", "test\UniversalDbUpdater.Test\UniversalDbUpdater.Test.xproj", "{E934B895-3180-46E1-8F50-D8111C6C6763}"
EndProject
Project("{2150E333-8FDC-42A3-9474-1A3956D46DE8}") = "build", "build", "{EB9E0E7C-A3AC-4CDF-B378-EA34D45AC9B0}"
	ProjectSection(SolutionItems) = preProject
		build\psakefile.ps1 = build\psakefile.ps1
	EndProjectSection
EndProject
Global
	GlobalSection(SolutionConfigurationPlatforms) = preSolution
		Debug|Any CPU = Debug|Any CPU
		Release|Any CPU = Release|Any CPU
	EndGlobalSection
	GlobalSection(ProjectConfigurationPlatforms) = postSolution
		{B6C76D97-9E90-4DCB-8444-E94630322FF8}.Debug|Any CPU.ActiveCfg = Debug|Any CPU
		{B6C76D97-9E90-4DCB-8444-E94630322FF8}.Debug|Any CPU.Build.0 = Debug|Any CPU
		{B6C76D97-9E90-4DCB-8444-E94630322FF8}.Release|Any CPU.ActiveCfg = Release|Any CPU
		{B6C76D97-9E90-4DCB-8444-E94630322FF8}.Release|Any CPU.Build.0 = Release|Any CPU
		{E934B895-3180-46E1-8F50-D8111C6C6763}.Debug|Any CPU.ActiveCfg = Debug|Any CPU
		{E934B895-3180-46E1-8F50-D8111C6C6763}.Debug|Any CPU.Build.0 = Debug|Any CPU
		{E934B895-3180-46E1-8F50-D8111C6C6763}.Release|Any CPU.ActiveCfg = Release|Any CPU
		{E934B895-3180-46E1-8F50-D8111C6C6763}.Release|Any CPU.Build.0 = Release|Any CPU
	EndGlobalSection
	GlobalSection(SolutionProperties) = preSolution
		HideSolutionNode = FALSE
	EndGlobalSection
	GlobalSection(NestedProjects) = preSolution
		{B6C76D97-9E90-4DCB-8444-E94630322FF8} = {1DDF9930-3B20-4C83-B645-E7611F6C9B5B}
		{E934B895-3180-46E1-8F50-D8111C6C6763} = {641E0DFF-B8E9-451A-A55B-33439C55790C}
	EndGlobalSection
EndGlobal
